{
  "originHash" : "858ceed07a6f112f3ba7752c13d4962537251d927c71255a36485b7f3b357b6c",
  "pins" : [
    {
      "identity" : "plcrashreporter",
      "kind" : "remoteSourceControl",
      "location" : "https://github.com/microsoft/plcrashreporter.git",
      "state" : {
        "revision" : "0254f941c646b1ed17b243654723d0f071e990d0",
        "version" : "1.12.2"
      }
    },
    {
      "identity" : "sparkle-binary",
      "kind" : "remoteSourceControl",
      "location" : "https://github.com/Ranchero-Software/Sparkle-Binary.git",
      "state" : {
        "revision" : "d1a8b3c98d96c601453f2e4230f1dd65b60d0581",
        "version" : "2.0.1"
      }
    },
    {
      "identity" : "zip",
      "kind" : "remoteSourceControl",
      "location" : "https://github.com/marmelroy/Zip.git",
      "state" : {
        "revision" : "059e7346082d02de16220cd79df7db18ddeba8c3"
      }
    }
  ],
  "version" : 3
}
